
Microsoft Visual Studio Solution File, Format Version 12.00
# Visual Studio Version 17
VisualStudioVersion = 17.8.34511.84
MinimumVisualStudioVersion = 10.0.40219.1
Project("{FAE04EC0-301F-11D3-BF4B-00C04F79EFBC}") = "OOD_Project1", "OOD_Project1.csproj", "{2BF12E15-5EB9-453E-970A-49C60C6356C7}"
EndProject
Global
	GlobalSection(SolutionConfigurationPlatforms) = preSolution
		Debug|Any CPU = Debug|Any CPU
		Release|Any CPU = Release|Any CPU
	EndGlobalSection
	GlobalSection(ProjectConfigurationPlatforms) = postSolution
		{2BF12E15-5EB9-453E-970A-49C60C6356C7}.Debug|Any CPU.ActiveCfg = Debug|Any CPU
		{2BF12E15-5EB9-453E-970A-49C60C6356C7}.Debug|Any CPU.Build.0 = Debug|Any CPU
		{2BF12E15-5EB9-453E-970A-49C60C6356C7}.Release|Any CPU.ActiveCfg = Release|Any CPU
		{2BF12E15-5EB9-453E-970A-49C60C6356C7}.Release|Any CPU.Build.0 = Release|Any CPU
	EndGlobalSection
	GlobalSection(SolutionProperties) = preSolution
		HideSolutionNode = FALSE
	EndGlobalSection
	GlobalSection(ExtensibilityGlobals) = postSolution
		SolutionGuid = {9865EDA5-1E0E-4717-8F43-E4487BC7B9AD}
	EndGlobalSection
EndGlobal
